
Microsoft Visual Studio Solution File, Format Version 12.00
# Visual Studio Version 17
VisualStudioVersion = 17.1.32414.318
MinimumVisualStudioVersion = 10.0.40219.1
Project("{2150E333-8FDC-42A3-9474-1A3956D46DE8}") = "Services", "Services", "{69BE4744-FD15-472D-B84D-FD670F297805}"
EndProject
Project("{2150E333-8FDC-42A3-9474-1A3956D46DE8}") = "Catalog", "Catalog", "{8EEBFD38-4DFC-4B10-9E39-C173E1C49678}"
EndProject
Project("{9A19103F-16F7-4668-BE54-9A1E7A4F7556}") = "CatalogAPI", "services\catalog\CatalogAPI\CatalogAPI.csproj", "{8AD00145-1F35-4727-811D-127F3B3E98CF}"
EndProject
Project("{E53339B2-1760-4266-BCC7-CA923CBCF16C}") = "docker-compose", "docker-compose.dcproj", "{0BF9D128-398C-4EDA-A299-8CC514381DB2}"
EndProject
Project("{2150E333-8FDC-42A3-9474-1A3956D46DE8}") = "Basket", "Basket", "{6BB0A83E-6A79-4A2B-A0D7-17305F435AE0}"
EndProject
Project("{9A19103F-16F7-4668-BE54-9A1E7A4F7556}") = "BasketAPI", "Services\Basket\BasketAPI\BasketAPI.csproj", "{58C35961-239D-4D6C-97D0-4A9228A6DD37}"
EndProject
Project("{2150E333-8FDC-42A3-9474-1A3956D46DE8}") = "Discount", "Discount", "{DB905517-7EB8-4A15-A005-54D3169FC5EE}"
EndProject
Project("{9A19103F-16F7-4668-BE54-9A1E7A4F7556}") = "DiscountAPI", "services\Discount\DiscountAPI\DiscountAPI.csproj", "{FCDB8CFB-7CA1-4815-9539-A49611DA47A9}"
EndProject
Project("{9A19103F-16F7-4668-BE54-9A1E7A4F7556}") = "DiscountGrpc", "services\Discount\DiscountGrpc\DiscountGrpc.csproj", "{E255A1ED-9742-4DCD-B441-56939E7D12D4}"
EndProject
Project("{2150E333-8FDC-42A3-9474-1A3956D46DE8}") = "Ordering", "Ordering", "{A10AD513-80B8-4AF8-91AB-D11FE7F2110B}"
EndProject
Project("{9A19103F-16F7-4668-BE54-9A1E7A4F7556}") = "OrderingAPI", "services\Ordering\OrderingAPI\OrderingAPI.csproj", "{051A19C3-C469-47DE-BAAE-CE29E24491E5}"
EndProject
Project("{9A19103F-16F7-4668-BE54-9A1E7A4F7556}") = "OrderingDomain", "services\Ordering\OrderingDomain\OrderingDomain.csproj", "{1800A5E3-C86F-4379-8A67-45B00D4D568D}"
EndProject
Project("{9A19103F-16F7-4668-BE54-9A1E7A4F7556}") = "OrderingApplication", "services\Ordering\OrderingApplication\OrderingApplication.csproj", "{D2713501-FBE3-48D4-B4EE-0FCA13AA8EE5}"
EndProject
Project("{9A19103F-16F7-4668-BE54-9A1E7A4F7556}") = "OrderingInfrastructure", "services\Ordering\OrderingInfrastructure\OrderingInfrastructure.csproj", "{64F9A9CE-D74E-4058-86DC-3A970EB141B0}"
EndProject
Project("{2150E333-8FDC-42A3-9474-1A3956D46DE8}") = "BuildingBlocks", "BuildingBlocks", "{CC6D3A21-50EC-4A23-AA6F-A952C01522C2}"
EndProject
Project("{9A19103F-16F7-4668-BE54-9A1E7A4F7556}") = "EventBus.Messages", "BuildingBlocks\EventBus.Messages\EventBus.Messages.csproj", "{377244FA-919C-4FB8-BE76-9DC142CD5721}"
EndProject
Project("{2150E333-8FDC-42A3-9474-1A3956D46DE8}") = "ApiGateway", "ApiGateway", "{A13EEB69-2433-487C-91F1-D55D6B400872}"
EndProject
Project("{9A19103F-16F7-4668-BE54-9A1E7A4F7556}") = "OcelotApiGw", "ApiGateWay\OcelotApiGw\OcelotApiGw.csproj", "{CA08278D-18A7-467D-9362-C855BD1BE05D}"
EndProject
Project("{9A19103F-16F7-4668-BE54-9A1E7A4F7556}") = "Shopping.Aggregator", "ApiGateWay\Shopping.Aggregator\Shopping.Aggregator.csproj", "{AE604454-7CAB-47FB-B4E4-AF42DD9CA9F0}"
EndProject
Project("{2150E333-8FDC-42A3-9474-1A3956D46DE8}") = "WebApps", "WebApps", "{02F380B7-ED43-4CAA-832E-52D60608C06E}"
EndProject
Project("{9A19103F-16F7-4668-BE54-9A1E7A4F7556}") = "AspnetRunBasics", "WebApps\AspnetRunBasics\AspnetRunBasics.csproj", "{6DEAF7C3-C384-4307-96A4-0C5FA3A78E3E}"
EndProject
Global
	GlobalSection(SolutionConfigurationPlatforms) = preSolution
		Debug|Any CPU = Debug|Any CPU
		Release|Any CPU = Release|Any CPU
	EndGlobalSection
	GlobalSection(ProjectConfigurationPlatforms) = postSolution
		{8AD00145-1F35-4727-811D-127F3B3E98CF}.Debug|Any CPU.ActiveCfg = Debug|Any CPU
		{8AD00145-1F35-4727-811D-127F3B3E98CF}.Debug|Any CPU.Build.0 = Debug|Any CPU
		{8AD00145-1F35-4727-811D-127F3B3E98CF}.Release|Any CPU.ActiveCfg = Release|Any CPU
		{8AD00145-1F35-4727-811D-127F3B3E98CF}.Release|Any CPU.Build.0 = Release|Any CPU
		{0BF9D128-398C-4EDA-A299-8CC514381DB2}.Debug|Any CPU.ActiveCfg = Debug|Any CPU
		{0BF9D128-398C-4EDA-A299-8CC514381DB2}.Debug|Any CPU.Build.0 = Debug|Any CPU
		{0BF9D128-398C-4EDA-A299-8CC514381DB2}.Release|Any CPU.ActiveCfg = Release|Any CPU
		{0BF9D128-398C-4EDA-A299-8CC514381DB2}.Release|Any CPU.Build.0 = Release|Any CPU
		{58C35961-239D-4D6C-97D0-4A9228A6DD37}.Debug|Any CPU.ActiveCfg = Debug|Any CPU
		{58C35961-239D-4D6C-97D0-4A9228A6DD37}.Debug|Any CPU.Build.0 = Debug|Any CPU
		{58C35961-239D-4D6C-97D0-4A9228A6DD37}.Release|Any CPU.ActiveCfg = Release|Any CPU
		{58C35961-239D-4D6C-97D0-4A9228A6DD37}.Release|Any CPU.Build.0 = Release|Any CPU
		{FCDB8CFB-7CA1-4815-9539-A49611DA47A9}.Debug|Any CPU.ActiveCfg = Debug|Any CPU
		{FCDB8CFB-7CA1-4815-9539-A49611DA47A9}.Debug|Any CPU.Build.0 = Debug|Any CPU
		{FCDB8CFB-7CA1-4815-9539-A49611DA47A9}.Release|Any CPU.ActiveCfg = Release|Any CPU
		{FCDB8CFB-7CA1-4815-9539-A49611DA47A9}.Release|Any CPU.Build.0 = Release|Any CPU
		{E255A1ED-9742-4DCD-B441-56939E7D12D4}.Debug|Any CPU.ActiveCfg = Debug|Any CPU
		{E255A1ED-9742-4DCD-B441-56939E7D12D4}.Debug|Any CPU.Build.0 = Debug|Any CPU
		{E255A1ED-9742-4DCD-B441-56939E7D12D4}.Release|Any CPU.ActiveCfg = Release|Any CPU
		{E255A1ED-9742-4DCD-B441-56939E7D12D4}.Release|Any CPU.Build.0 = Release|Any CPU
		{051A19C3-C469-47DE-BAAE-CE29E24491E5}.Debug|Any CPU.ActiveCfg = Debug|Any CPU
		{051A19C3-C469-47DE-BAAE-CE29E24491E5}.Debug|Any CPU.Build.0 = Debug|Any CPU
		{051A19C3-C469-47DE-BAAE-CE29E24491E5}.Release|Any CPU.ActiveCfg = Release|Any CPU
		{051A19C3-C469-47DE-BAAE-CE29E24491E5}.Release|Any CPU.Build.0 = Release|Any CPU
		{1800A5E3-C86F-4379-8A67-45B00D4D568D}.Debug|Any CPU.ActiveCfg = Debug|Any CPU
		{1800A5E3-C86F-4379-8A67-45B00D4D568D}.Debug|Any CPU.Build.0 = Debug|Any CPU
		{1800A5E3-C86F-4379-8A67-45B00D4D568D}.Release|Any CPU.ActiveCfg = Release|Any CPU
		{1800A5E3-C86F-4379-8A67-45B00D4D568D}.Release|Any CPU.Build.0 = Release|Any CPU
		{D2713501-FBE3-48D4-B4EE-0FCA13AA8EE5}.Debug|Any CPU.ActiveCfg = Debug|Any CPU
		{D2713501-FBE3-48D4-B4EE-0FCA13AA8EE5}.Debug|Any CPU.Build.0 = Debug|Any CPU
		{D2713501-FBE3-48D4-B4EE-0FCA13AA8EE5}.Release|Any CPU.ActiveCfg = Release|Any CPU
		{D2713501-FBE3-48D4-B4EE-0FCA13AA8EE5}.Release|Any CPU.Build.0 = Release|Any CPU
		{64F9A9CE-D74E-4058-86DC-3A970EB141B0}.Debug|Any CPU.ActiveCfg = Debug|Any CPU
		{64F9A9CE-D74E-4058-86DC-3A970EB141B0}.Debug|Any CPU.Build.0 = Debug|Any CPU
		{64F9A9CE-D74E-4058-86DC-3A970EB141B0}.Release|Any CPU.ActiveCfg = Release|Any CPU
		{64F9A9CE-D74E-4058-86DC-3A970EB141B0}.Release|Any CPU.Build.0 = Release|Any CPU
		{377244FA-919C-4FB8-BE76-9DC142CD5721}.Debug|Any CPU.ActiveCfg = Debug|Any CPU
		{377244FA-919C-4FB8-BE76-9DC142CD5721}.Debug|Any CPU.Build.0 = Debug|Any CPU
		{377244FA-919C-4FB8-BE76-9DC142CD5721}.Release|Any CPU.ActiveCfg = Release|Any CPU
		{377244FA-919C-4FB8-BE76-9DC142CD5721}.Release|Any CPU.Build.0 = Release|Any CPU
		{CA08278D-18A7-467D-9362-C855BD1BE05D}.Debug|Any CPU.ActiveCfg = Debug|Any CPU
		{CA08278D-18A7-467D-9362-C855BD1BE05D}.Debug|Any CPU.Build.0 = Debug|Any CPU
		{CA08278D-18A7-467D-9362-C855BD1BE05D}.Release|Any CPU.ActiveCfg = Release|Any CPU
		{CA08278D-18A7-467D-9362-C855BD1BE05D}.Release|Any CPU.Build.0 = Release|Any CPU
		{AE604454-7CAB-47FB-B4E4-AF42DD9CA9F0}.Debug|Any CPU.ActiveCfg = Debug|Any CPU
		{AE604454-7CAB-47FB-B4E4-AF42DD9CA9F0}.Debug|Any CPU.Build.0 = Debug|Any CPU
		{AE604454-7CAB-47FB-B4E4-AF42DD9CA9F0}.Release|Any CPU.ActiveCfg = Release|Any CPU
		{AE604454-7CAB-47FB-B4E4-AF42DD9CA9F0}.Release|Any CPU.Build.0 = Release|Any CPU
		{6DEAF7C3-C384-4307-96A4-0C5FA3A78E3E}.Debug|Any CPU.ActiveCfg = Debug|Any CPU
		{6DEAF7C3-C384-4307-96A4-0C5FA3A78E3E}.Debug|Any CPU.Build.0 = Debug|Any CPU
		{6DEAF7C3-C384-4307-96A4-0C5FA3A78E3E}.Release|Any CPU.ActiveCfg = Release|Any CPU
		{6DEAF7C3-C384-4307-96A4-0C5FA3A78E3E}.Release|Any CPU.Build.0 = Release|Any CPU
	EndGlobalSection
	GlobalSection(SolutionProperties) = preSolution
		HideSolutionNode = FALSE
	EndGlobalSection
	GlobalSection(NestedProjects) = preSolution
		{8EEBFD38-4DFC-4B10-9E39-C173E1C49678} = {69BE4744-FD15-472D-B84D-FD670F297805}
		{8AD00145-1F35-4727-811D-127F3B3E98CF} = {8EEBFD38-4DFC-4B10-9E39-C173E1C49678}
		{6BB0A83E-6A79-4A2B-A0D7-17305F435AE0} = {69BE4744-FD15-472D-B84D-FD670F297805}
		{58C35961-239D-4D6C-97D0-4A9228A6DD37} = {6BB0A83E-6A79-4A2B-A0D7-17305F435AE0}
		{DB905517-7EB8-4A15-A005-54D3169FC5EE} = {69BE4744-FD15-472D-B84D-FD670F297805}
		{FCDB8CFB-7CA1-4815-9539-A49611DA47A9} = {DB905517-7EB8-4A15-A005-54D3169FC5EE}
		{E255A1ED-9742-4DCD-B441-56939E7D12D4} = {DB905517-7EB8-4A15-A005-54D3169FC5EE}
		{A10AD513-80B8-4AF8-91AB-D11FE7F2110B} = {69BE4744-FD15-472D-B84D-FD670F297805}
		{051A19C3-C469-47DE-BAAE-CE29E24491E5} = {A10AD513-80B8-4AF8-91AB-D11FE7F2110B}
		{1800A5E3-C86F-4379-8A67-45B00D4D568D} = {A10AD513-80B8-4AF8-91AB-D11FE7F2110B}
		{D2713501-FBE3-48D4-B4EE-0FCA13AA8EE5} = {A10AD513-80B8-4AF8-91AB-D11FE7F2110B}
		{64F9A9CE-D74E-4058-86DC-3A970EB141B0} = {A10AD513-80B8-4AF8-91AB-D11FE7F2110B}
		{377244FA-919C-4FB8-BE76-9DC142CD5721} = {CC6D3A21-50EC-4A23-AA6F-A952C01522C2}
		{CA08278D-18A7-467D-9362-C855BD1BE05D} = {A13EEB69-2433-487C-91F1-D55D6B400872}
		{AE604454-7CAB-47FB-B4E4-AF42DD9CA9F0} = {A13EEB69-2433-487C-91F1-D55D6B400872}
		{6DEAF7C3-C384-4307-96A4-0C5FA3A78E3E} = {02F380B7-ED43-4CAA-832E-52D60608C06E}
	EndGlobalSection
	GlobalSection(ExtensibilityGlobals) = postSolution
		SolutionGuid = {0525F150-8B13-4B93-9C21-09B35BD0743C}
	EndGlobalSection
EndGlobal
